alert:
- debug
description: In Kaspersky's 2020 Incident Response Analyst Report they listed legitimate tool "Mouse Lock" as being used for both credential access and collection in security incidents.
filter:
- query:
    query_string:
      query: (Product.keyword:*Mouse\ Lock* OR Company.keyword:*Misc314* OR CommandLine.keyword:*Mouse\ Lock_*)
index: filebeat-*
name: c9192ad9-75e5-43eb-8647-82a0a5b493e3-Mouse-Lock-Credential-Gathering
priority: 3
realert:
  minutes: 0
type: any

import: BaseHive.config
import: BaseTeams.config
import: BaseRule.config
